{
  "name": "@mono/root",
  "version": "0.0.0",
  "lockfileVersion": 2,
  "requires": true,
  "packages": {
    "": {
      "name": "@mono/root",
      "version": "0.0.0",
      "dependencies": {
        "corepack": "^0.24.1",
        "pnpm": "^8.14.1"
      },
      "devDependencies": {
        "npkill": "^0.11.3",
        "turbo": "^1.11.2"
      },
      "engines": {
        "node": ">=18.0.0"
      }
    },
    "node_modules/ansi-escapes": {
      "version": "6.2.0",
      "resolved": "https://registry.npmjs.org/ansi-escapes/-/ansi-escapes-6.2.0.tgz",
      "integrity": "sha512-kzRaCqXnpzWs+3z5ABPQiVke+iq0KXkHo8xiWV4RPTi5Yli0l97BEQuhXV1s7+aSU/fu1kUuxgS4MsQ0fRuygw==",
      "dev": true,
      "dependencies": {
        "type-fest": "^3.0.0"
      },
      "engines": {
        "node": ">=14.16"
      },
      "funding": {
        "url": "https://github.com/sponsors/sindresorhus"
      }
    },
    "node_modules/colors": {
      "version": "1.4.0",
      "resolved": "https://registry.npmjs.org/colors/-/colors-1.4.0.tgz",
      "integrity": "sha512-a+UqTh4kgZg/SlGvfbzDHpgRu7AAQOmmqRHJnxhRZICKFUT91brVhNNt58CMWU9PsBbv3PDCZUHbVxuDiH2mtA==",
      "dev": true,
      "engines": {
        "node": ">=0.1.90"
      }
    },
    "node_modules/corepack": {
      "version": "0.24.1",
      "resolved": "https://registry.npmjs.org/corepack/-/corepack-0.24.1.tgz",
      "integrity": "sha512-UG8dnZ1cKzvnKJ/Umm7cfxqaefWw5NGoJoZdMGtHLhg/reeCPpFVrF2hpvSqr27fjW7yDd3qTCmZh6LXuOWduw==",
      "bin": {
        "corepack": "dist/corepack.js",
        "pnpm": "dist/pnpm.js",
        "pnpx": "dist/pnpx.js",
        "yarn": "dist/yarn.js",
        "yarnpkg": "dist/yarnpkg.js"
      },
      "engines": {
        "node": ">=18.17.1"
      }
    },
    "node_modules/gar": {
      "version": "1.0.4",
      "resolved": "https://registry.npmjs.org/gar/-/gar-1.0.4.tgz",
      "integrity": "sha512-w4n9cPWyP7aHxKxYHFQMegj7WIAsL/YX/C4Bs5Rr8s1H9M1rNtRWRsw+ovYMkXDQ5S4ZbYHsHAPmevPjPgw44w==",
      "dev": true
    },
    "node_modules/get-folder-size": {
      "version": "2.0.1",
      "resolved": "https://registry.npmjs.org/get-folder-size/-/get-folder-size-2.0.1.tgz",
      "integrity": "sha512-+CEb+GDCM7tkOS2wdMKTn9vU7DgnKUTuDlehkNJKNSovdCOVxs14OfKCk4cvSaR3za4gj+OBdl9opPN9xrJ0zA==",
      "dev": true,
      "dependencies": {
        "gar": "^1.0.4",
        "tiny-each-async": "2.0.3"
      },
      "bin": {
        "get-folder-size": "bin/get-folder-size"
      }
    },
    "node_modules/lodash": {
      "version": "4.17.21",
      "resolved": "https://registry.npmjs.org/lodash/-/lodash-4.17.21.tgz",
      "integrity": "sha512-v2kDEe57lecTulaDIuNTPy3Ry4gLGJ6Z1O3vE1krgXZNrsQ+LFTGHVxVjcXPs17LhbZVGedAJv8XZ1tvj5FvSg==",
      "dev": true
    },
    "node_modules/node-emoji": {
      "version": "1.11.0",
      "resolved": "https://registry.npmjs.org/node-emoji/-/node-emoji-1.11.0.tgz",
      "integrity": "sha512-wo2DpQkQp7Sjm2A0cq+sN7EHKO6Sl0ctXeBdFZrL9T9+UywORbufTcTZxom8YqpLQt/FqNMUkOpkZrJVYSKD3A==",
      "dev": true,
      "dependencies": {
        "lodash": "^4.17.21"
      }
    },
    "node_modules/npkill": {
      "version": "0.11.3",
      "resolved": "https://registry.npmjs.org/npkill/-/npkill-0.11.3.tgz",
      "integrity": "sha512-3lqJcuXw3mJoIpIrcSWmBx477wEKAv9WOVnMgDf4zWKOZNfnPETi1Wwn8CsjSLVNgulFgDy2ScmTh8io3EGxIw==",
      "dev": true,
      "dependencies": {
        "ansi-escapes": "^6.0.0",
        "colors": "1.4.0",
        "get-folder-size": "^2.0.0",
        "node-emoji": "^1.10.0",
        "rxjs": "^7.5.7"
      },
      "bin": {
        "npkill": "lib/index.js"
      },
      "engines": {
        "node": ">=14.0.0"
      }
    },
    "node_modules/pnpm": {
      "version": "8.14.1",
      "resolved": "https://registry.npmjs.org/pnpm/-/pnpm-8.14.1.tgz",
      "integrity": "sha512-hWxOzZfF0/MDVOvDc80y+zcnQpXEidstD2E6HmDwEMrfuxUDbVJfOgbewYl+QhmzxPbTvo8vYvsKNmvuaqp1Mw==",
      "bin": {
        "pnpm": "bin/pnpm.cjs",
        "pnpx": "bin/pnpx.cjs"
      },
      "engines": {
        "node": ">=16.14"
      },
      "funding": {
        "url": "https://opencollective.com/pnpm"
      }
    },
    "node_modules/rxjs": {
      "version": "7.8.1",
      "resolved": "https://registry.npmjs.org/rxjs/-/rxjs-7.8.1.tgz",
      "integrity": "sha512-AA3TVj+0A2iuIoQkWEK/tqFjBq2j+6PO6Y0zJcvzLAFhEFIO3HL0vls9hWLncZbAAbK0mar7oZ4V079I/qPMxg==",
      "dev": true,
      "dependencies": {
        "tslib": "^2.1.0"
      }
    },
    "node_modules/tiny-each-async": {
      "version": "2.0.3",
      "resolved": "https://registry.npmjs.org/tiny-each-async/-/tiny-each-async-2.0.3.tgz",
      "integrity": "sha512-5ROII7nElnAirvFn8g7H7MtpfV1daMcyfTGQwsn/x2VtyV+VPiO5CjReCJtWLvoKTDEDmZocf3cNPraiMnBXLA==",
      "dev": true
    },
    "node_modules/tslib": {
      "version": "2.6.2",
      "resolved": "https://registry.npmjs.org/tslib/-/tslib-2.6.2.tgz",
      "integrity": "sha512-AEYxH93jGFPn/a2iVAwW87VuUIkR1FVUKB77NwMF7nBTDkDrrT/Hpt/IrCJ0QXhW27jTBDcf5ZY7w6RiqTMw2Q==",
      "dev": true
    },
    "node_modules/turbo": {
      "version": "1.11.3",
      "resolved": "https://registry.npmjs.org/turbo/-/turbo-1.11.3.tgz",
      "integrity": "sha512-RCJOUFcFMQNIGKSjC9YmA5yVP1qtDiBA0Lv9VIgrXraI5Da1liVvl3VJPsoDNIR9eFMyA/aagx1iyj6UWem5hA==",
      "dev": true,
      "bin": {
        "turbo": "bin/turbo"
      },
      "optionalDependencies": {
        "turbo-darwin-64": "1.11.3",
        "turbo-darwin-arm64": "1.11.3",
        "turbo-linux-64": "1.11.3",
        "turbo-linux-arm64": "1.11.3",
        "turbo-windows-64": "1.11.3",
        "turbo-windows-arm64": "1.11.3"
      }
    },
    "node_modules/turbo-darwin-64": {
      "version": "1.11.3",
      "resolved": "https://registry.npmjs.org/turbo-darwin-64/-/turbo-darwin-64-1.11.3.tgz",
      "integrity": "sha512-IsOOg2bVbIt3o/X8Ew9fbQp5t1hTHN3fGNQYrPQwMR2W1kIAC6RfbVD4A9OeibPGyEPUpwOH79hZ9ydFH5kifw==",
      "cpu": [
        "x64"
      ],
      "dev": true,
      "optional": true,
      "os": [
        "darwin"
      ]
    },
    "node_modules/turbo-darwin-arm64": {
      "version": "1.11.3",
      "resolved": "https://registry.npmjs.org/turbo-darwin-arm64/-/turbo-darwin-arm64-1.11.3.tgz",
      "integrity": "sha512-FsJL7k0SaPbJzI/KCnrf/fi3PgCDCjTliMc/kEFkuWVA6Httc3Q4lxyLIIinz69q6JTx8wzh6yznUMzJRI3+dg==",
      "cpu": [
        "arm64"
      ],
      "dev": true,
      "optional": true,
      "os": [
        "darwin"
      ]
    },
    "node_modules/turbo-linux-64": {
      "version": "1.11.3",
      "resolved": "https://registry.npmjs.org/turbo-linux-64/-/turbo-linux-64-1.11.3.tgz",
      "integrity": "sha512-SvW7pvTVRGsqtSkII5w+wriZXvxqkluw5FO/MNAdFw0qmoov+PZ237+37/NgArqE3zVn1GX9P6nUx9VO+xcQAg==",
      "cpu": [
        "x64"
      ],
      "dev": true,
      "optional": true,
      "os": [
        "linux"
      ]
    },
    "node_modules/turbo-linux-arm64": {
      "version": "1.11.3",
      "resolved": "https://registry.npmjs.org/turbo-linux-arm64/-/turbo-linux-arm64-1.11.3.tgz",
      "integrity": "sha512-YhUfBi1deB3m+3M55X458J6B7RsIS7UtM3P1z13cUIhF+pOt65BgnaSnkHLwETidmhRh8Dl3GelaQGrB3RdCDw==",
      "cpu": [
        "arm64"
      ],
      "dev": true,
      "optional": true,
      "os": [
        "linux"
      ]
    },
    "node_modules/turbo-windows-64": {
      "version": "1.11.3",
      "resolved": "https://registry.npmjs.org/turbo-windows-64/-/turbo-windows-64-1.11.3.tgz",
      "integrity": "sha512-s+vEnuM2TiZuAUUUpmBHDr6vnNbJgj+5JYfnYmVklYs16kXh+EppafYQOAkcRIMAh7GjV3pLq5/uGqc7seZeHA==",
      "cpu": [
        "x64"
      ],
      "dev": true,
      "optional": true,
      "os": [
        "win32"
      ]
    },
    "node_modules/turbo-windows-arm64": {
      "version": "1.11.3",
      "resolved": "https://registry.npmjs.org/turbo-windows-arm64/-/turbo-windows-arm64-1.11.3.tgz",
      "integrity": "sha512-ZR5z5Zpc7cASwfdRAV5yNScCZBsgGSbcwiA/u3farCacbPiXsfoWUkz28iyrx21/TRW0bi6dbsB2v17swa8bjw==",
      "cpu": [
        "arm64"
      ],
      "dev": true,
      "optional": true,
      "os": [
        "win32"
      ]
    },
    "node_modules/type-fest": {
      "version": "3.13.1",
      "resolved": "https://registry.npmjs.org/type-fest/-/type-fest-3.13.1.tgz",
      "integrity": "sha512-tLq3bSNx+xSpwvAJnzrK0Ep5CLNWjvFTOp71URMaAEWBfRb9nnJiBoUe0tF8bI4ZFO3omgBR6NvnbzVUT3Ly4g==",
      "dev": true,
      "engines": {
        "node": ">=14.16"
      },
      "funding": {
        "url": "https://github.com/sponsors/sindresorhus"
      }
    }
  },
  "dependencies": {
    "ansi-escapes": {
      "version": "6.2.0",
      "resolved": "https://registry.npmjs.org/ansi-escapes/-/ansi-escapes-6.2.0.tgz",
      "integrity": "sha512-kzRaCqXnpzWs+3z5ABPQiVke+iq0KXkHo8xiWV4RPTi5Yli0l97BEQuhXV1s7+aSU/fu1kUuxgS4MsQ0fRuygw==",
      "dev": true,
      "requires": {
        "type-fest": "^3.0.0"
      }
    },
    "colors": {
      "version": "1.4.0",
      "resolved": "https://registry.npmjs.org/colors/-/colors-1.4.0.tgz",
      "integrity": "sha512-a+UqTh4kgZg/SlGvfbzDHpgRu7AAQOmmqRHJnxhRZICKFUT91brVhNNt58CMWU9PsBbv3PDCZUHbVxuDiH2mtA==",
      "dev": true
    },
    "corepack": {
      "version": "0.24.1",
      "resolved": "https://registry.npmjs.org/corepack/-/corepack-0.24.1.tgz",
      "integrity": "sha512-UG8dnZ1cKzvnKJ/Umm7cfxqaefWw5NGoJoZdMGtHLhg/reeCPpFVrF2hpvSqr27fjW7yDd3qTCmZh6LXuOWduw=="
    },
    "gar": {
      "version": "1.0.4",
      "resolved": "https://registry.npmjs.org/gar/-/gar-1.0.4.tgz",
      "integrity": "sha512-w4n9cPWyP7aHxKxYHFQMegj7WIAsL/YX/C4Bs5Rr8s1H9M1rNtRWRsw+ovYMkXDQ5S4ZbYHsHAPmevPjPgw44w==",
      "dev": true
    },
    "get-folder-size": {
      "version": "2.0.1",
      "resolved": "https://registry.npmjs.org/get-folder-size/-/get-folder-size-2.0.1.tgz",
      "integrity": "sha512-+CEb+GDCM7tkOS2wdMKTn9vU7DgnKUTuDlehkNJKNSovdCOVxs14OfKCk4cvSaR3za4gj+OBdl9opPN9xrJ0zA==",
      "dev": true,
      "requires": {
        "gar": "^1.0.4",
        "tiny-each-async": "2.0.3"
      }
    },
    "lodash": {
      "version": "4.17.21",
      "resolved": "https://registry.npmjs.org/lodash/-/lodash-4.17.21.tgz",
      "integrity": "sha512-v2kDEe57lecTulaDIuNTPy3Ry4gLGJ6Z1O3vE1krgXZNrsQ+LFTGHVxVjcXPs17LhbZVGedAJv8XZ1tvj5FvSg==",
      "dev": true
    },
    "node-emoji": {
      "version": "1.11.0",
      "resolved": "https://registry.npmjs.org/node-emoji/-/node-emoji-1.11.0.tgz",
      "integrity": "sha512-wo2DpQkQp7Sjm2A0cq+sN7EHKO6Sl0ctXeBdFZrL9T9+UywORbufTcTZxom8YqpLQt/FqNMUkOpkZrJVYSKD3A==",
      "dev": true,
      "requires": {
        "lodash": "^4.17.21"
      }
    },
    "npkill": {
      "version": "0.11.3",
      "resolved": "https://registry.npmjs.org/npkill/-/npkill-0.11.3.tgz",
      "integrity": "sha512-3lqJcuXw3mJoIpIrcSWmBx477wEKAv9WOVnMgDf4zWKOZNfnPETi1Wwn8CsjSLVNgulFgDy2ScmTh8io3EGxIw==",
      "dev": true,
      "requires": {
        "ansi-escapes": "^6.0.0",
        "colors": "1.4.0",
        "get-folder-size": "^2.0.0",
        "node-emoji": "^1.10.0",
        "rxjs": "^7.5.7"
      }
    },
    "pnpm": {
      "version": "8.14.1",
      "resolved": "https://registry.npmjs.org/pnpm/-/pnpm-8.14.1.tgz",
      "integrity": "sha512-hWxOzZfF0/MDVOvDc80y+zcnQpXEidstD2E6HmDwEMrfuxUDbVJfOgbewYl+QhmzxPbTvo8vYvsKNmvuaqp1Mw=="
    },
    "rxjs": {
      "version": "7.8.1",
      "resolved": "https://registry.npmjs.org/rxjs/-/rxjs-7.8.1.tgz",
      "integrity": "sha512-AA3TVj+0A2iuIoQkWEK/tqFjBq2j+6PO6Y0zJcvzLAFhEFIO3HL0vls9hWLncZbAAbK0mar7oZ4V079I/qPMxg==",
      "dev": true,
      "requires": {
        "tslib": "^2.1.0"
      }
    },
    "tiny-each-async": {
      "version": "2.0.3",
      "resolved": "https://registry.npmjs.org/tiny-each-async/-/tiny-each-async-2.0.3.tgz",
      "integrity": "sha512-5ROII7nElnAirvFn8g7H7MtpfV1daMcyfTGQwsn/x2VtyV+VPiO5CjReCJtWLvoKTDEDmZocf3cNPraiMnBXLA==",
      "dev": true
    },
    "tslib": {
      "version": "2.6.2",
      "resolved": "https://registry.npmjs.org/tslib/-/tslib-2.6.2.tgz",
      "integrity": "sha512-AEYxH93jGFPn/a2iVAwW87VuUIkR1FVUKB77NwMF7nBTDkDrrT/Hpt/IrCJ0QXhW27jTBDcf5ZY7w6RiqTMw2Q==",
      "dev": true
    },
    "turbo": {
      "version": "1.11.3",
      "resolved": "https://registry.npmjs.org/turbo/-/turbo-1.11.3.tgz",
      "integrity": "sha512-RCJOUFcFMQNIGKSjC9YmA5yVP1qtDiBA0Lv9VIgrXraI5Da1liVvl3VJPsoDNIR9eFMyA/aagx1iyj6UWem5hA==",
      "dev": true,
      "requires": {
        "turbo-darwin-64": "1.11.3",
        "turbo-darwin-arm64": "1.11.3",
        "turbo-linux-64": "1.11.3",
        "turbo-linux-arm64": "1.11.3",
        "turbo-windows-64": "1.11.3",
        "turbo-windows-arm64": "1.11.3"
      }
    },
    "turbo-darwin-64": {
      "version": "1.11.3",
      "resolved": "https://registry.npmjs.org/turbo-darwin-64/-/turbo-darwin-64-1.11.3.tgz",
      "integrity": "sha512-IsOOg2bVbIt3o/X8Ew9fbQp5t1hTHN3fGNQYrPQwMR2W1kIAC6RfbVD4A9OeibPGyEPUpwOH79hZ9ydFH5kifw==",
      "dev": true,
      "optional": true
    },
    "turbo-darwin-arm64": {
      "version": "1.11.3",
      "resolved": "https://registry.npmjs.org/turbo-darwin-arm64/-/turbo-darwin-arm64-1.11.3.tgz",
      "integrity": "sha512-FsJL7k0SaPbJzI/KCnrf/fi3PgCDCjTliMc/kEFkuWVA6Httc3Q4lxyLIIinz69q6JTx8wzh6yznUMzJRI3+dg==",
      "dev": true,
      "optional": true
    },
    "turbo-linux-64": {
      "version": "1.11.3",
      "resolved": "https://registry.npmjs.org/turbo-linux-64/-/turbo-linux-64-1.11.3.tgz",
      "integrity": "sha512-SvW7pvTVRGsqtSkII5w+wriZXvxqkluw5FO/MNAdFw0qmoov+PZ237+37/NgArqE3zVn1GX9P6nUx9VO+xcQAg==",
      "dev": true,
      "optional": true
    },
    "turbo-linux-arm64": {
      "version": "1.11.3",
      "resolved": "https://registry.npmjs.org/turbo-linux-arm64/-/turbo-linux-arm64-1.11.3.tgz",
      "integrity": "sha512-YhUfBi1deB3m+3M55X458J6B7RsIS7UtM3P1z13cUIhF+pOt65BgnaSnkHLwETidmhRh8Dl3GelaQGrB3RdCDw==",
      "dev": true,
      "optional": true
    },
    "turbo-windows-64": {
      "version": "1.11.3",
      "resolved": "https://registry.npmjs.org/turbo-windows-64/-/turbo-windows-64-1.11.3.tgz",
      "integrity": "sha512-s+vEnuM2TiZuAUUUpmBHDr6vnNbJgj+5JYfnYmVklYs16kXh+EppafYQOAkcRIMAh7GjV3pLq5/uGqc7seZeHA==",
      "dev": true,
      "optional": true
    },
    "turbo-windows-arm64": {
      "version": "1.11.3",
      "resolved": "https://registry.npmjs.org/turbo-windows-arm64/-/turbo-windows-arm64-1.11.3.tgz",
      "integrity": "sha512-ZR5z5Zpc7cASwfdRAV5yNScCZBsgGSbcwiA/u3farCacbPiXsfoWUkz28iyrx21/TRW0bi6dbsB2v17swa8bjw==",
      "dev": true,
      "optional": true
    },
    "type-fest": {
      "version": "3.13.1",
      "resolved": "https://registry.npmjs.org/type-fest/-/type-fest-3.13.1.tgz",
      "integrity": "sha512-tLq3bSNx+xSpwvAJnzrK0Ep5CLNWjvFTOp71URMaAEWBfRb9nnJiBoUe0tF8bI4ZFO3omgBR6NvnbzVUT3Ly4g==",
      "dev": true
    }
  }
}
